// !$*UTF8*$!
{
	archiveVersion = 1;
	classes = {
	};
	objectVersion = 46;
	objects = {

/* Begin PBXBuildFile section */
		12C9851C94E9117F32D3F7BB /* Pods_DungeonsDragonsCC.framework in Frameworks */ = {isa = PBXBuildFile; fileRef = 055D46B65D41DE70C848F5E7 /* Pods_DungeonsDragonsCC.framework */; };
		372A5BF51CAF6B2200CE4BD9 /* DungeonsDragonsCCUITests.swift in Sources */ = {isa = PBXBuildFile; fileRef = 372A5BF41CAF6B2200CE4BD9 /* DungeonsDragonsCCUITests.swift */; };
		372BE8B41DB32CBC004A2E03 /* RaceTests.swift in Sources */ = {isa = PBXBuildFile; fileRef = 372BE8B31DB32CBC004A2E03 /* RaceTests.swift */; };
		372BE8B61DB32EEB004A2E03 /* CoreRulebookTests.swift in Sources */ = {isa = PBXBuildFile; fileRef = 372BE8B51DB32EEB004A2E03 /* CoreRulebookTests.swift */; };
		375214151DB1AD7D009E6A19 /* UICollectionView+DDCC.swift in Sources */ = {isa = PBXBuildFile; fileRef = 375214141DB1AD7D009E6A19 /* UICollectionView+DDCC.swift */; };
		375CC76E1D7B0E61007232B5 /* CreateCharacter.storyboard in Resources */ = {isa = PBXBuildFile; fileRef = 375CC76D1D7B0E61007232B5 /* CreateCharacter.storyboard */; };
		925890A8E56FE1C85BE70A01 /* Pods_DungeonsDragonsCCTests.framework in Frameworks */ = {isa = PBXBuildFile; fileRef = A9687F3DC2BE03326A7CC649 /* Pods_DungeonsDragonsCCTests.framework */; };
		C88886621CB02F120029CDA3 /* CoreRulebookCoordinatorTests.swift in Sources */ = {isa = PBXBuildFile; fileRef = C88886611CB02F120029CDA3 /* CoreRulebookCoordinatorTests.swift */; };
		C88886641CB03F290029CDA3 /* CreateCharacterRaceViewControllerTests.swift in Sources */ = {isa = PBXBuildFile; fileRef = C88886631CB03F290029CDA3 /* CreateCharacterRaceViewControllerTests.swift */; };
		C88886661CB042130029CDA3 /* CharacterSheetViewControllerTests.swift in Sources */ = {isa = PBXBuildFile; fileRef = C88886651CB042130029CDA3 /* CharacterSheetViewControllerTests.swift */; };
		C89520E51CB01A4000210751 /* CreateCharacterRaceViewController.swift in Sources */ = {isa = PBXBuildFile; fileRef = C89520E41CB01A4000210751 /* CreateCharacterRaceViewController.swift */; };
		C8A832EE1CA03726004CF6A9 /* AppDelegate.swift in Sources */ = {isa = PBXBuildFile; fileRef = C8A832ED1CA03726004CF6A9 /* AppDelegate.swift */; };
		C8A832F31CA03726004CF6A9 /* Main.storyboard in Resources */ = {isa = PBXBuildFile; fileRef = C8A832F11CA03726004CF6A9 /* Main.storyboard */; };
		C8A832F81CA03726004CF6A9 /* Assets.xcassets in Resources */ = {isa = PBXBuildFile; fileRef = C8A832F71CA03726004CF6A9 /* Assets.xcassets */; };
		C8A832FB1CA03726004CF6A9 /* LaunchScreen.storyboard in Resources */ = {isa = PBXBuildFile; fileRef = C8A832F91CA03726004CF6A9 /* LaunchScreen.storyboard */; };
		C8A833451CA0378F004CF6A9 /* AbilityScoreCollectionViewCell.swift in Sources */ = {isa = PBXBuildFile; fileRef = C8A8331F1CA0378F004CF6A9 /* AbilityScoreCollectionViewCell.swift */; };
		C8A833461CA0378F004CF6A9 /* CharacterSheetViewController.swift in Sources */ = {isa = PBXBuildFile; fileRef = C8A833201CA0378F004CF6A9 /* CharacterSheetViewController.swift */; };
		C8A833471CA0378F004CF6A9 /* ScoreLabel.swift in Sources */ = {isa = PBXBuildFile; fileRef = C8A833211CA0378F004CF6A9 /* ScoreLabel.swift */; };
		C8A833481CA0378F004CF6A9 /* CoreRulebookCoordinator.swift in Sources */ = {isa = PBXBuildFile; fileRef = C8A833231CA0378F004CF6A9 /* CoreRulebookCoordinator.swift */; };
		C8A833491CA0378F004CF6A9 /* CreateCharacterAbilityScoreViewController.swift in Sources */ = {isa = PBXBuildFile; fileRef = C8A833251CA0378F004CF6A9 /* CreateCharacterAbilityScoreViewController.swift */; };
		C8A8334A1CA0378F004CF6A9 /* CreateCharacterNameViewController.swift in Sources */ = {isa = PBXBuildFile; fileRef = C8A833261CA0378F004CF6A9 /* CreateCharacterNameViewController.swift */; };
		C8A8334B1CA0378F004CF6A9 /* CharacterListViewController.swift in Sources */ = {isa = PBXBuildFile; fileRef = C8A833281CA0378F004CF6A9 /* CharacterListViewController.swift */; };
		C8A8334C1CA0378F004CF6A9 /* FetchedResultsControllerDataSource.swift in Sources */ = {isa = PBXBuildFile; fileRef = C8A833291CA0378F004CF6A9 /* FetchedResultsControllerDataSource.swift */; };
		C8A8334D1CA0378F004CF6A9 /* MenuViewController.swift in Sources */ = {isa = PBXBuildFile; fileRef = C8A8332A1CA0378F004CF6A9 /* MenuViewController.swift */; };
		C8A8334E1CA0378F004CF6A9 /* AbilityScore+CoreDataProperties.swift in Sources */ = {isa = PBXBuildFile; fileRef = C8A8332C1CA0378F004CF6A9 /* AbilityScore+CoreDataProperties.swift */; };
		C8A8334F1CA0378F004CF6A9 /* AbilityScore.swift in Sources */ = {isa = PBXBuildFile; fileRef = C8A8332D1CA0378F004CF6A9 /* AbilityScore.swift */; };
		C8A833501CA0378F004CF6A9 /* Character+CoreDataProperties.swift in Sources */ = {isa = PBXBuildFile; fileRef = C8A8332E1CA0378F004CF6A9 /* Character+CoreDataProperties.swift */; };
		C8A833511CA0378F004CF6A9 /* Character.swift in Sources */ = {isa = PBXBuildFile; fileRef = C8A8332F1CA0378F004CF6A9 /* Character.swift */; };
		C8A833521CA0378F004CF6A9 /* CoreRulebook+CoreDataProperties.swift in Sources */ = {isa = PBXBuildFile; fileRef = C8A833301CA0378F004CF6A9 /* CoreRulebook+CoreDataProperties.swift */; };
		C8A833531CA0378F004CF6A9 /* CoreRulebook.swift in Sources */ = {isa = PBXBuildFile; fileRef = C8A833311CA0378F004CF6A9 /* CoreRulebook.swift */; };
		C8A833541CA0378F004CF6A9 /* AbilityScore+FEMMapping.swift in Sources */ = {isa = PBXBuildFile; fileRef = C8A833331CA0378F004CF6A9 /* AbilityScore+FEMMapping.swift */; };
		C8A833551CA0378F004CF6A9 /* CoreRulebook+FEMMapping.swift in Sources */ = {isa = PBXBuildFile; fileRef = C8A833341CA0378F004CF6A9 /* CoreRulebook+FEMMapping.swift */; };
		C8A833561CA0378F004CF6A9 /* FEMMapped.swift in Sources */ = {isa = PBXBuildFile; fileRef = C8A833351CA0378F004CF6A9 /* FEMMapped.swift */; };
		C8A833571CA0378F004CF6A9 /* JSONDeserializer.swift in Sources */ = {isa = PBXBuildFile; fileRef = C8A833361CA0378F004CF6A9 /* JSONDeserializer.swift */; };
		C8A833581CA0378F004CF6A9 /* Modifier+FEMMapping.swift in Sources */ = {isa = PBXBuildFile; fileRef = C8A833371CA0378F004CF6A9 /* Modifier+FEMMapping.swift */; };
		C8A833591CA0378F004CF6A9 /* Race+FEMMapping.swift in Sources */ = {isa = PBXBuildFile; fileRef = C8A833381CA0378F004CF6A9 /* Race+FEMMapping.swift */; };
		C8A8335A1CA0378F004CF6A9 /* Skill+FEMMapping.swift in Sources */ = {isa = PBXBuildFile; fileRef = C8A833391CA0378F004CF6A9 /* Skill+FEMMapping.swift */; };
		C8A8335B1CA0378F004CF6A9 /* Trait+FEMMapping.swift in Sources */ = {isa = PBXBuildFile; fileRef = C8A8333A1CA0378F004CF6A9 /* Trait+FEMMapping.swift */; };
		C8A8335C1CA0378F004CF6A9 /* Modifier+CoreDataProperties.swift in Sources */ = {isa = PBXBuildFile; fileRef = C8A8333B1CA0378F004CF6A9 /* Modifier+CoreDataProperties.swift */; };
		C8A8335D1CA0378F004CF6A9 /* Modifier.swift in Sources */ = {isa = PBXBuildFile; fileRef = C8A8333C1CA0378F004CF6A9 /* Modifier.swift */; };
		C8A8335E1CA0378F004CF6A9 /* Race+CoreDataProperties.swift in Sources */ = {isa = PBXBuildFile; fileRef = C8A8333D1CA0378F004CF6A9 /* Race+CoreDataProperties.swift */; };
		C8A8335F1CA0378F004CF6A9 /* Race.swift in Sources */ = {isa = PBXBuildFile; fileRef = C8A8333E1CA0378F004CF6A9 /* Race.swift */; };
		C8A833601CA0378F004CF6A9 /* Skill+CoreDataProperties.swift in Sources */ = {isa = PBXBuildFile; fileRef = C8A8333F1CA0378F004CF6A9 /* Skill+CoreDataProperties.swift */; };
		C8A833611CA0378F004CF6A9 /* Skill.swift in Sources */ = {isa = PBXBuildFile; fileRef = C8A833401CA0378F004CF6A9 /* Skill.swift */; };
		C8A833621CA0378F004CF6A9 /* Trait+CoreDataProperties.swift in Sources */ = {isa = PBXBuildFile; fileRef = C8A833411CA0378F004CF6A9 /* Trait+CoreDataProperties.swift */; };
		C8A833631CA0378F004CF6A9 /* Trait.swift in Sources */ = {isa = PBXBuildFile; fileRef = C8A833421CA0378F004CF6A9 /* Trait.swift */; };
		C8A8336A1CA037B4004CF6A9 /* Constants.swift in Sources */ = {isa = PBXBuildFile; fileRef = C8A833641CA037B4004CF6A9 /* Constants.swift */; };
		C8A8336B1CA037B4004CF6A9 /* CoreRulebook.xcdatamodeld in Sources */ = {isa = PBXBuildFile; fileRef = C8A833651CA037B4004CF6A9 /* CoreRulebook.xcdatamodeld */; };
		C8A8336D1CA037B4004CF6A9 /* corerulebook.json in Resources */ = {isa = PBXBuildFile; fileRef = C8A833691CA037B4004CF6A9 /* corerulebook.json */; };
		C8A833811CA037C9004CF6A9 /* CharacterHelper.swift in Sources */ = {isa = PBXBuildFile; fileRef = C8A8336E1CA037C9004CF6A9 /* CharacterHelper.swift */; };
		C8A833821CA037C9004CF6A9 /* AbilityScoreCollectionViewCellTests.swift in Sources */ = {isa = PBXBuildFile; fileRef = C8A833701CA037C9004CF6A9 /* AbilityScoreCollectionViewCellTests.swift */; };
		C8A833831CA037C9004CF6A9 /* CreateCharacterAbilityScoreViewControllerTests.swift in Sources */ = {isa = PBXBuildFile; fileRef = C8A833721CA037C9004CF6A9 /* CreateCharacterAbilityScoreViewControllerTests.swift */; };
		C8A833841CA037C9004CF6A9 /* CreateCharacterNameViewControllerTests.swift in Sources */ = {isa = PBXBuildFile; fileRef = C8A833731CA037C9004CF6A9 /* CreateCharacterNameViewControllerTests.swift */; };
		C8A833851CA037C9004CF6A9 /* CharacterListViewControllerTests.swift in Sources */ = {isa = PBXBuildFile; fileRef = C8A833751CA037C9004CF6A9 /* CharacterListViewControllerTests.swift */; };
		C8A833861CA037C9004CF6A9 /* FetchedResultsControllerDataSourceTests.swift in Sources */ = {isa = PBXBuildFile; fileRef = C8A833761CA037C9004CF6A9 /* FetchedResultsControllerDataSourceTests.swift */; };
		C8A833871CA037C9004CF6A9 /* MenuViewControllerTests.swift in Sources */ = {isa = PBXBuildFile; fileRef = C8A833771CA037C9004CF6A9 /* MenuViewControllerTests.swift */; };
		C8A833881CA037C9004CF6A9 /* AbilityScoreFEMMappingTests.swift in Sources */ = {isa = PBXBuildFile; fileRef = C8A8337A1CA037C9004CF6A9 /* AbilityScoreFEMMappingTests.swift */; };
		C8A833891CA037C9004CF6A9 /* CoreRulebookFEMMappingTests.swift in Sources */ = {isa = PBXBuildFile; fileRef = C8A8337B1CA037C9004CF6A9 /* CoreRulebookFEMMappingTests.swift */; };
		C8A8338A1CA037C9004CF6A9 /* ModifierFEMMappingTests.swift in Sources */ = {isa = PBXBuildFile; fileRef = C8A8337C1CA037C9004CF6A9 /* ModifierFEMMappingTests.swift */; };
		C8A8338B1CA037C9004CF6A9 /* RacesFEMMappingTests.swift in Sources */ = {isa = PBXBuildFile; fileRef = C8A8337D1CA037C9004CF6A9 /* RacesFEMMappingTests.swift */; };
		C8A8338C1CA037C9004CF6A9 /* SkillFEMMappingTests.swift in Sources */ = {isa = PBXBuildFile; fileRef = C8A8337E1CA037C9004CF6A9 /* SkillFEMMappingTests.swift */; };
		C8A8338D1CA037C9004CF6A9 /* TraitFEMMappingTests.swift in Sources */ = {isa = PBXBuildFile; fileRef = C8A8337F1CA037C9004CF6A9 /* TraitFEMMappingTests.swift */; };
		C8A8338E1CA037C9004CF6A9 /* testcorerulebook.json in Resources */ = {isa = PBXBuildFile; fileRef = C8A833801CA037C9004CF6A9 /* testcorerulebook.json */; };
/* End PBXBuildFile section */

/* Begin PBXContainerItemProxy section */
		C8A833021CA03726004CF6A9 /* PBXContainerItemProxy */ = {
			isa = PBXContainerItemProxy;
			containerPortal = C8A832E21CA03726004CF6A9 /* Project object */;
			proxyType = 1;
			remoteGlobalIDString = C8A832E91CA03726004CF6A9;
			remoteInfo = DungeonsDragonsCC;
		};
		C8A8330D1CA03726004CF6A9 /* PBXContainerItemProxy */ = {
			isa = PBXContainerItemProxy;
			containerPortal = C8A832E21CA03726004CF6A9 /* Project object */;
			proxyType = 1;
			remoteGlobalIDString = C8A832E91CA03726004CF6A9;
			remoteInfo = DungeonsDragonsCC;
		};
/* End PBXContainerItemProxy section */

/* Begin PBXFileReference section */
		055D46B65D41DE70C848F5E7 /* Pods_DungeonsDragonsCC.framework */ = {isa = PBXFileReference; explicitFileType = wrapper.framework; includeInIndex = 0; path = Pods_DungeonsDragonsCC.framework; sourceTree = BUILT_PRODUCTS_DIR; };
		372A5BF41CAF6B2200CE4BD9 /* DungeonsDragonsCCUITests.swift */ = {isa = PBXFileReference; fileEncoding = 4; lastKnownFileType = sourcecode.swift; path = DungeonsDragonsCCUITests.swift; sourceTree = "<group>"; };
		372BE8B31DB32CBC004A2E03 /* RaceTests.swift */ = {isa = PBXFileReference; fileEncoding = 4; lastKnownFileType = sourcecode.swift; path = RaceTests.swift; sourceTree = "<group>"; };
		372BE8B51DB32EEB004A2E03 /* CoreRulebookTests.swift */ = {isa = PBXFileReference; fileEncoding = 4; lastKnownFileType = sourcecode.swift; path = CoreRulebookTests.swift; sourceTree = "<group>"; };
		375214141DB1AD7D009E6A19 /* UICollectionView+DDCC.swift */ = {isa = PBXFileReference; fileEncoding = 4; lastKnownFileType = sourcecode.swift; path = "UICollectionView+DDCC.swift"; sourceTree = "<group>"; };
		375CC76D1D7B0E61007232B5 /* CreateCharacter.storyboard */ = {isa = PBXFileReference; fileEncoding = 4; lastKnownFileType = file.storyboard; path = CreateCharacter.storyboard; sourceTree = "<group>"; };
		40C1CEACAFC2F9F16AD2953E /* Pods-DungeonsDragonsCC.release.xcconfig */ = {isa = PBXFileReference; includeInIndex = 1; lastKnownFileType = text.xcconfig; name = "Pods-DungeonsDragonsCC.release.xcconfig"; path = "Pods/Target Support Files/Pods-DungeonsDragonsCC/Pods-DungeonsDragonsCC.release.xcconfig"; sourceTree = "<group>"; };
		727FC792DE0A87232905926B /* Pods-DungeonsDragonsCCTests.release.xcconfig */ = {isa = PBXFileReference; includeInIndex = 1; lastKnownFileType = text.xcconfig; name = "Pods-DungeonsDragonsCCTests.release.xcconfig"; path = "Pods/Target Support Files/Pods-DungeonsDragonsCCTests/Pods-DungeonsDragonsCCTests.release.xcconfig"; sourceTree = "<group>"; };
		A9687F3DC2BE03326A7CC649 /* Pods_DungeonsDragonsCCTests.framework */ = {isa = PBXFileReference; explicitFileType = wrapper.framework; includeInIndex = 0; path = Pods_DungeonsDragonsCCTests.framework; sourceTree = BUILT_PRODUCTS_DIR; };
		BBD1FB8FD6B5EA273A5AD428 /* Pods-DungeonsDragonsCC.debug.xcconfig */ = {isa = PBXFileReference; includeInIndex = 1; lastKnownFileType = text.xcconfig; name = "Pods-DungeonsDragonsCC.debug.xcconfig"; path = "Pods/Target Support Files/Pods-DungeonsDragonsCC/Pods-DungeonsDragonsCC.debug.xcconfig"; sourceTree = "<group>"; };
		C88886611CB02F120029CDA3 /* CoreRulebookCoordinatorTests.swift */ = {isa = PBXFileReference; fileEncoding = 4; lastKnownFileType = sourcecode.swift; path = CoreRulebookCoordinatorTests.swift; sourceTree = "<group>"; };
		C88886631CB03F290029CDA3 /* CreateCharacterRaceViewControllerTests.swift */ = {isa = PBXFileReference; fileEncoding = 4; lastKnownFileType = sourcecode.swift; path = CreateCharacterRaceViewControllerTests.swift; sourceTree = "<group>"; };
		C88886651CB042130029CDA3 /* CharacterSheetViewControllerTests.swift */ = {isa = PBXFileReference; fileEncoding = 4; lastKnownFileType = sourcecode.swift; path = CharacterSheetViewControllerTests.swift; sourceTree = "<group>"; };
		C89520E41CB01A4000210751 /* CreateCharacterRaceViewController.swift */ = {isa = PBXFileReference; fileEncoding = 4; lastKnownFileType = sourcecode.swift; path = CreateCharacterRaceViewController.swift; sourceTree = "<group>"; };
		C8A832EA1CA03726004CF6A9 /* DungeonsDragonsCC.app */ = {isa = PBXFileReference; explicitFileType = wrapper.application; includeInIndex = 0; path = DungeonsDragonsCC.app; sourceTree = BUILT_PRODUCTS_DIR; };
		C8A832ED1CA03726004CF6A9 /* AppDelegate.swift */ = {isa = PBXFileReference; lastKnownFileType = sourcecode.swift; path = AppDelegate.swift; sourceTree = "<group>"; };
		C8A832F21CA03726004CF6A9 /* Base */ = {isa = PBXFileReference; lastKnownFileType = file.storyboard; name = Base; path = Base.lproj/Main.storyboard; sourceTree = "<group>"; };
		C8A832F71CA03726004CF6A9 /* Assets.xcassets */ = {isa = PBXFileReference; lastKnownFileType = folder.assetcatalog; path = Assets.xcassets; sourceTree = "<group>"; };
		C8A832FA1CA03726004CF6A9 /* Base */ = {isa = PBXFileReference; lastKnownFileType = file.storyboard; name = Base; path = Base.lproj/LaunchScreen.storyboard; sourceTree = "<group>"; };
		C8A832FC1CA03726004CF6A9 /* Info.plist */ = {isa = PBXFileReference; lastKnownFileType = text.plist.xml; path = Info.plist; sourceTree = "<group>"; };
		C8A833011CA03726004CF6A9 /* DungeonsDragonsCCTests.xctest */ = {isa = PBXFileReference; explicitFileType = wrapper.cfbundle; includeInIndex = 0; path = DungeonsDragonsCCTests.xctest; sourceTree = BUILT_PRODUCTS_DIR; };
		C8A833071CA03726004CF6A9 /* Info.plist */ = {isa = PBXFileReference; lastKnownFileType = text.plist.xml; path = Info.plist; sourceTree = "<group>"; };
		C8A8330C1CA03726004CF6A9 /* DungeonsDragonsCCUITests.xctest */ = {isa = PBXFileReference; explicitFileType = wrapper.cfbundle; includeInIndex = 0; path = DungeonsDragonsCCUITests.xctest; sourceTree = BUILT_PRODUCTS_DIR; };
		C8A833121CA03726004CF6A9 /* Info.plist */ = {isa = PBXFileReference; lastKnownFileType = text.plist.xml; path = Info.plist; sourceTree = "<group>"; };
		C8A8331F1CA0378F004CF6A9 /* AbilityScoreCollectionViewCell.swift */ = {isa = PBXFileReference; fileEncoding = 4; lastKnownFileType = sourcecode.swift; path = AbilityScoreCollectionViewCell.swift; sourceTree = "<group>"; };
		C8A833201CA0378F004CF6A9 /* CharacterSheetViewController.swift */ = {isa = PBXFileReference; fileEncoding = 4; lastKnownFileType = sourcecode.swift; path = CharacterSheetViewController.swift; sourceTree = "<group>"; };
		C8A833211CA0378F004CF6A9 /* ScoreLabel.swift */ = {isa = PBXFileReference; fileEncoding = 4; lastKnownFileType = sourcecode.swift; path = ScoreLabel.swift; sourceTree = "<group>"; };
		C8A833231CA0378F004CF6A9 /* CoreRulebookCoordinator.swift */ = {isa = PBXFileReference; fileEncoding = 4; lastKnownFileType = sourcecode.swift; path = CoreRulebookCoordinator.swift; sourceTree = "<group>"; };
		C8A833251CA0378F004CF6A9 /* CreateCharacterAbilityScoreViewController.swift */ = {isa = PBXFileReference; fileEncoding = 4; lastKnownFileType = sourcecode.swift; path = CreateCharacterAbilityScoreViewController.swift; sourceTree = "<group>"; };
		C8A833261CA0378F004CF6A9 /* CreateCharacterNameViewController.swift */ = {isa = PBXFileReference; fileEncoding = 4; lastKnownFileType = sourcecode.swift; path = CreateCharacterNameViewController.swift; sourceTree = "<group>"; };
		C8A833281CA0378F004CF6A9 /* CharacterListViewController.swift */ = {isa = PBXFileReference; fileEncoding = 4; lastKnownFileType = sourcecode.swift; path = CharacterListViewController.swift; sourceTree = "<group>"; };
		C8A833291CA0378F004CF6A9 /* FetchedResultsControllerDataSource.swift */ = {isa = PBXFileReference; fileEncoding = 4; lastKnownFileType = sourcecode.swift; path = FetchedResultsControllerDataSource.swift; sourceTree = "<group>"; };
		C8A8332A1CA0378F004CF6A9 /* MenuViewController.swift */ = {isa = PBXFileReference; fileEncoding = 4; lastKnownFileType = sourcecode.swift; path = MenuViewController.swift; sourceTree = "<group>"; };
		C8A8332C1CA0378F004CF6A9 /* AbilityScore+CoreDataProperties.swift */ = {isa = PBXFileReference; fileEncoding = 4; lastKnownFileType = sourcecode.swift; path = "AbilityScore+CoreDataProperties.swift"; sourceTree = "<group>"; };
		C8A8332D1CA0378F004CF6A9 /* AbilityScore.swift */ = {isa = PBXFileReference; fileEncoding = 4; lastKnownFileType = sourcecode.swift; path = AbilityScore.swift; sourceTree = "<group>"; };
		C8A8332E1CA0378F004CF6A9 /* Character+CoreDataProperties.swift */ = {isa = PBXFileReference; fileEncoding = 4; lastKnownFileType = sourcecode.swift; path = "Character+CoreDataProperties.swift"; sourceTree = "<group>"; };
		C8A8332F1CA0378F004CF6A9 /* Character.swift */ = {isa = PBXFileReference; fileEncoding = 4; lastKnownFileType = sourcecode.swift; path = Character.swift; sourceTree = "<group>"; };
		C8A833301CA0378F004CF6A9 /* CoreRulebook+CoreDataProperties.swift */ = {isa = PBXFileReference; fileEncoding = 4; lastKnownFileType = sourcecode.swift; path = "CoreRulebook+CoreDataProperties.swift"; sourceTree = "<group>"; };
		C8A833311CA0378F004CF6A9 /* CoreRulebook.swift */ = {isa = PBXFileReference; fileEncoding = 4; lastKnownFileType = sourcecode.swift; path = CoreRulebook.swift; sourceTree = "<group>"; };
		C8A833331CA0378F004CF6A9 /* AbilityScore+FEMMapping.swift */ = {isa = PBXFileReference; fileEncoding = 4; lastKnownFileType = sourcecode.swift; path = "AbilityScore+FEMMapping.swift"; sourceTree = "<group>"; };
		C8A833341CA0378F004CF6A9 /* CoreRulebook+FEMMapping.swift */ = {isa = PBXFileReference; fileEncoding = 4; lastKnownFileType = sourcecode.swift; path = "CoreRulebook+FEMMapping.swift"; sourceTree = "<group>"; };
		C8A833351CA0378F004CF6A9 /* FEMMapped.swift */ = {isa = PBXFileReference; fileEncoding = 4; lastKnownFileType = sourcecode.swift; path = FEMMapped.swift; sourceTree = "<group>"; };
		C8A833361CA0378F004CF6A9 /* JSONDeserializer.swift */ = {isa = PBXFileReference; fileEncoding = 4; lastKnownFileType = sourcecode.swift; path = JSONDeserializer.swift; sourceTree = "<group>"; };
		C8A833371CA0378F004CF6A9 /* Modifier+FEMMapping.swift */ = {isa = PBXFileReference; fileEncoding = 4; lastKnownFileType = sourcecode.swift; path = "Modifier+FEMMapping.swift"; sourceTree = "<group>"; };
		C8A833381CA0378F004CF6A9 /* Race+FEMMapping.swift */ = {isa = PBXFileReference; fileEncoding = 4; lastKnownFileType = sourcecode.swift; path = "Race+FEMMapping.swift"; sourceTree = "<group>"; };
		C8A833391CA0378F004CF6A9 /* Skill+FEMMapping.swift */ = {isa = PBXFileReference; fileEncoding = 4; lastKnownFileType = sourcecode.swift; path = "Skill+FEMMapping.swift"; sourceTree = "<group>"; };
		C8A8333A1CA0378F004CF6A9 /* Trait+FEMMapping.swift */ = {isa = PBXFileReference; fileEncoding = 4; lastKnownFileType = sourcecode.swift; path = "Trait+FEMMapping.swift"; sourceTree = "<group>"; };
		C8A8333B1CA0378F004CF6A9 /* Modifier+CoreDataProperties.swift */ = {isa = PBXFileReference; fileEncoding = 4; lastKnownFileType = sourcecode.swift; path = "Modifier+CoreDataProperties.swift"; sourceTree = "<group>"; };
		C8A8333C1CA0378F004CF6A9 /* Modifier.swift */ = {isa = PBXFileReference; fileEncoding = 4; lastKnownFileType = sourcecode.swift; path = Modifier.swift; sourceTree = "<group>"; };
		C8A8333D1CA0378F004CF6A9 /* Race+CoreDataProperties.swift */ = {isa = PBXFileReference; fileEncoding = 4; lastKnownFileType = sourcecode.swift; path = "Race+CoreDataProperties.swift"; sourceTree = "<group>"; };
		C8A8333E1CA0378F004CF6A9 /* Race.swift */ = {isa = PBXFileReference; fileEncoding = 4; lastKnownFileType = sourcecode.swift; path = Race.swift; sourceTree = "<group>"; };
		C8A8333F1CA0378F004CF6A9 /* Skill+CoreDataProperties.swift */ = {isa = PBXFileReference; fileEncoding = 4; lastKnownFileType = sourcecode.swift; path = "Skill+CoreDataProperties.swift"; sourceTree = "<group>"; };
		C8A833401CA0378F004CF6A9 /* Skill.swift */ = {isa = PBXFileReference; fileEncoding = 4; lastKnownFileType = sourcecode.swift; path = Skill.swift; sourceTree = "<group>"; };
		C8A833411CA0378F004CF6A9 /* Trait+CoreDataProperties.swift */ = {isa = PBXFileReference; fileEncoding = 4; lastKnownFileType = sourcecode.swift; path = "Trait+CoreDataProperties.swift"; sourceTree = "<group>"; };
		C8A833421CA0378F004CF6A9 /* Trait.swift */ = {isa = PBXFileReference; fileEncoding = 4; lastKnownFileType = sourcecode.swift; path = Trait.swift; sourceTree = "<group>"; };
		C8A833641CA037B4004CF6A9 /* Constants.swift */ = {isa = PBXFileReference; fileEncoding = 4; lastKnownFileType = sourcecode.swift; path = Constants.swift; sourceTree = "<group>"; };
		C8A833661CA037B4004CF6A9 /* CoreRulebook.xcdatamodel */ = {isa = PBXFileReference; lastKnownFileType = wrapper.xcdatamodel; path = CoreRulebook.xcdatamodel; sourceTree = "<group>"; };
		C8A833691CA037B4004CF6A9 /* corerulebook.json */ = {isa = PBXFileReference; fileEncoding = 4; lastKnownFileType = text.json; path = corerulebook.json; sourceTree = "<group>"; };
		C8A8336E1CA037C9004CF6A9 /* CharacterHelper.swift */ = {isa = PBXFileReference; fileEncoding = 4; lastKnownFileType = sourcecode.swift; path = CharacterHelper.swift; sourceTree = "<group>"; };
		C8A833701CA037C9004CF6A9 /* AbilityScoreCollectionViewCellTests.swift */ = {isa = PBXFileReference; fileEncoding = 4; lastKnownFileType = sourcecode.swift; path = AbilityScoreCollectionViewCellTests.swift; sourceTree = "<group>"; };
		C8A833721CA037C9004CF6A9 /* CreateCharacterAbilityScoreViewControllerTests.swift */ = {isa = PBXFileReference; fileEncoding = 4; lastKnownFileType = sourcecode.swift; path = CreateCharacterAbilityScoreViewControllerTests.swift; sourceTree = "<group>"; };
		C8A833731CA037C9004CF6A9 /* CreateCharacterNameViewControllerTests.swift */ = {isa = PBXFileReference; fileEncoding = 4; lastKnownFileType = sourcecode.swift; path = CreateCharacterNameViewControllerTests.swift; sourceTree = "<group>"; };
		C8A833751CA037C9004CF6A9 /* CharacterListViewControllerTests.swift */ = {isa = PBXFileReference; fileEncoding = 4; lastKnownFileType = sourcecode.swift; path = CharacterListViewControllerTests.swift; sourceTree = "<group>"; };
		C8A833761CA037C9004CF6A9 /* FetchedResultsControllerDataSourceTests.swift */ = {isa = PBXFileReference; fileEncoding = 4; lastKnownFileType = sourcecode.swift; path = FetchedResultsControllerDataSourceTests.swift; sourceTree = "<group>"; };
		C8A833771CA037C9004CF6A9 /* MenuViewControllerTests.swift */ = {isa = PBXFileReference; fileEncoding = 4; lastKnownFileType = sourcecode.swift; path = MenuViewControllerTests.swift; sourceTree = "<group>"; };
		C8A8337A1CA037C9004CF6A9 /* AbilityScoreFEMMappingTests.swift */ = {isa = PBXFileReference; fileEncoding = 4; lastKnownFileType = sourcecode.swift; path = AbilityScoreFEMMappingTests.swift; sourceTree = "<group>"; };
		C8A8337B1CA037C9004CF6A9 /* CoreRulebookFEMMappingTests.swift */ = {isa = PBXFileReference; fileEncoding = 4; lastKnownFileType = sourcecode.swift; path = CoreRulebookFEMMappingTests.swift; sourceTree = "<group>"; };
		C8A8337C1CA037C9004CF6A9 /* ModifierFEMMappingTests.swift */ = {isa = PBXFileReference; fileEncoding = 4; lastKnownFileType = sourcecode.swift; path = ModifierFEMMappingTests.swift; sourceTree = "<group>"; };
		C8A8337D1CA037C9004CF6A9 /* RacesFEMMappingTests.swift */ = {isa = PBXFileReference; fileEncoding = 4; lastKnownFileType = sourcecode.swift; path = RacesFEMMappingTests.swift; sourceTree = "<group>"; };
		C8A8337E1CA037C9004CF6A9 /* SkillFEMMappingTests.swift */ = {isa = PBXFileReference; fileEncoding = 4; lastKnownFileType = sourcecode.swift; path = SkillFEMMappingTests.swift; sourceTree = "<group>"; };
		C8A8337F1CA037C9004CF6A9 /* TraitFEMMappingTests.swift */ = {isa = PBXFileReference; fileEncoding = 4; lastKnownFileType = sourcecode.swift; path = TraitFEMMappingTests.swift; sourceTree = "<group>"; };
		C8A833801CA037C9004CF6A9 /* testcorerulebook.json */ = {isa = PBXFileReference; fileEncoding = 4; lastKnownFileType = text.json; path = testcorerulebook.json; sourceTree = "<group>"; };
		FF7AD6965CCE4B2F951EC81C /* Pods-DungeonsDragonsCCTests.debug.xcconfig */ = {isa = PBXFileReference; includeInIndex = 1; lastKnownFileType = text.xcconfig; name = "Pods-DungeonsDragonsCCTests.debug.xcconfig"; path = "Pods/Target Support Files/Pods-DungeonsDragonsCCTests/Pods-DungeonsDragonsCCTests.debug.xcconfig"; sourceTree = "<group>"; };
/* End PBXFileReference section */

/* Begin PBXFrameworksBuildPhase section */
		C8A832E71CA03726004CF6A9 /* Frameworks */ = {
			isa = PBXFrameworksBuildPhase;
			buildActionMask = 2147483647;
			files = (
				12C9851C94E9117F32D3F7BB /* Pods_DungeonsDragonsCC.framework in Frameworks */,
			);
			runOnlyForDeploymentPostprocessing = 0;
		};
		C8A832FE1CA03726004CF6A9 /* Frameworks */ = {
			isa = PBXFrameworksBuildPhase;
			buildActionMask = 2147483647;
			files = (
				925890A8E56FE1C85BE70A01 /* Pods_DungeonsDragonsCCTests.framework in Frameworks */,
			);
			runOnlyForDeploymentPostprocessing = 0;
		};
		C8A833091CA03726004CF6A9 /* Frameworks */ = {
			isa = PBXFrameworksBuildPhase;
			buildActionMask = 2147483647;
			files = (
			);
			runOnlyForDeploymentPostprocessing = 0;
		};
/* End PBXFrameworksBuildPhase section */

/* Begin PBXGroup section */
		375214131DB1AD0C009E6A19 /* Shared */ = {
			isa = PBXGroup;
			children = (
				375214141DB1AD7D009E6A19 /* UICollectionView+DDCC.swift */,
			);
			name = Shared;
			sourceTree = "<group>";
		};
		8BA833A12A2C339D4B3D5DAE /* Frameworks */ = {
			isa = PBXGroup;
			children = (
				055D46B65D41DE70C848F5E7 /* Pods_DungeonsDragonsCC.framework */,
				A9687F3DC2BE03326A7CC649 /* Pods_DungeonsDragonsCCTests.framework */,
			);
			name = Frameworks;
			sourceTree = "<group>";
		};
		C88886601CB02EEB0029CDA3 /* CoreRulebook */ = {
			isa = PBXGroup;
			children = (
				C88886611CB02F120029CDA3 /* CoreRulebookCoordinatorTests.swift */,
			);
			path = CoreRulebook;
			sourceTree = "<group>";
		};
		C8A832E11CA03726004CF6A9 = {
			isa = PBXGroup;
			children = (
				C8A832EC1CA03726004CF6A9 /* DungeonsDragonsCC */,
				C8A833041CA03726004CF6A9 /* DungeonsDragonsCCTests */,
				C8A8330F1CA03726004CF6A9 /* DungeonsDragonsCCUITests */,
				C8A832EB1CA03726004CF6A9 /* Products */,
				E79552E8FFC21BB2AC226C35 /* Pods */,
				8BA833A12A2C339D4B3D5DAE /* Frameworks */,
			);
			sourceTree = "<group>";
		};
		C8A832EB1CA03726004CF6A9 /* Products */ = {
			isa = PBXGroup;
			children = (
				C8A832EA1CA03726004CF6A9 /* DungeonsDragonsCC.app */,
				C8A833011CA03726004CF6A9 /* DungeonsDragonsCCTests.xctest */,
				C8A8330C1CA03726004CF6A9 /* DungeonsDragonsCCUITests.xctest */,
			);
			name = Products;
			sourceTree = "<group>";
		};
		C8A832EC1CA03726004CF6A9 /* DungeonsDragonsCC */ = {
			isa = PBXGroup;
			children = (
				375214131DB1AD0C009E6A19 /* Shared */,
				C8A833641CA037B4004CF6A9 /* Constants.swift */,
				C8A833651CA037B4004CF6A9 /* CoreRulebook.xcdatamodeld */,
				C8A833691CA037B4004CF6A9 /* corerulebook.json */,
				C8A8331E1CA0378F004CF6A9 /* CharacterSheet */,
				C8A833221CA0378F004CF6A9 /* CoreRulebook */,
				C8A833241CA0378F004CF6A9 /* CreateCharacter */,
				C8A833271CA0378F004CF6A9 /* Menu */,
				C8A8332B1CA0378F004CF6A9 /* Models */,
				C8A832ED1CA03726004CF6A9 /* AppDelegate.swift */,
				C8A832F11CA03726004CF6A9 /* Main.storyboard */,
				C8A832F71CA03726004CF6A9 /* Assets.xcassets */,
				C8A832F91CA03726004CF6A9 /* LaunchScreen.storyboard */,
				C8A832FC1CA03726004CF6A9 /* Info.plist */,
			);
			path = DungeonsDragonsCC;
			sourceTree = "<group>";
		};
		C8A833041CA03726004CF6A9 /* DungeonsDragonsCCTests */ = {
			isa = PBXGroup;
			children = (
				C88886601CB02EEB0029CDA3 /* CoreRulebook */,
				C8A8336E1CA037C9004CF6A9 /* CharacterHelper.swift */,
				C8A8336F1CA037C9004CF6A9 /* CharacterSheet */,
				C8A833711CA037C9004CF6A9 /* CreateCharacter */,
				C8A833741CA037C9004CF6A9 /* Menu */,
				C8A833781CA037C9004CF6A9 /* Models */,
				C8A833801CA037C9004CF6A9 /* testcorerulebook.json */,
				C8A833071CA03726004CF6A9 /* Info.plist */,
			);
			path = DungeonsDragonsCCTests;
			sourceTree = "<group>";
		};
		C8A8330F1CA03726004CF6A9 /* DungeonsDragonsCCUITests */ = {
			isa = PBXGroup;
			children = (
				C8A833121CA03726004CF6A9 /* Info.plist */,
				372A5BF41CAF6B2200CE4BD9 /* DungeonsDragonsCCUITests.swift */,
			);
			path = DungeonsDragonsCCUITests;
			sourceTree = "<group>";
		};
		C8A8331E1CA0378F004CF6A9 /* CharacterSheet */ = {
			isa = PBXGroup;
			children = (
				C8A8331F1CA0378F004CF6A9 /* AbilityScoreCollectionViewCell.swift */,
				C8A833201CA0378F004CF6A9 /* CharacterSheetViewController.swift */,
				C8A833211CA0378F004CF6A9 /* ScoreLabel.swift */,
			);
			path = CharacterSheet;
			sourceTree = "<group>";
		};
		C8A833221CA0378F004CF6A9 /* CoreRulebook */ = {
			isa = PBXGroup;
			children = (
				C8A833231CA0378F004CF6A9 /* CoreRulebookCoordinator.swift */,
			);
			path = CoreRulebook;
			sourceTree = "<group>";
		};
		C8A833241CA0378F004CF6A9 /* CreateCharacter */ = {
			isa = PBXGroup;
			children = (
				C8A833251CA0378F004CF6A9 /* CreateCharacterAbilityScoreViewController.swift */,
				C8A833261CA0378F004CF6A9 /* CreateCharacterNameViewController.swift */,
				C89520E41CB01A4000210751 /* CreateCharacterRaceViewController.swift */,
				375CC76D1D7B0E61007232B5 /* CreateCharacter.storyboard */,
			);
			path = CreateCharacter;
			sourceTree = "<group>";
		};
		C8A833271CA0378F004CF6A9 /* Menu */ = {
			isa = PBXGroup;
			children = (
				C8A833281CA0378F004CF6A9 /* CharacterListViewController.swift */,
				C8A833291CA0378F004CF6A9 /* FetchedResultsControllerDataSource.swift */,
				C8A8332A1CA0378F004CF6A9 /* MenuViewController.swift */,
			);
			path = Menu;
			sourceTree = "<group>";
		};
		C8A8332B1CA0378F004CF6A9 /* Models */ = {
			isa = PBXGroup;
			children = (
				C8A8332C1CA0378F004CF6A9 /* AbilityScore+CoreDataProperties.swift */,
				C8A8332D1CA0378F004CF6A9 /* AbilityScore.swift */,
				C8A8332E1CA0378F004CF6A9 /* Character+CoreDataProperties.swift */,
				C8A8332F1CA0378F004CF6A9 /* Character.swift */,
				C8A833301CA0378F004CF6A9 /* CoreRulebook+CoreDataProperties.swift */,
				C8A833311CA0378F004CF6A9 /* CoreRulebook.swift */,
				C8A833321CA0378F004CF6A9 /* Mapping */,
				C8A8333B1CA0378F004CF6A9 /* Modifier+CoreDataProperties.swift */,
				C8A8333C1CA0378F004CF6A9 /* Modifier.swift */,
				C8A8333D1CA0378F004CF6A9 /* Race+CoreDataProperties.swift */,
				C8A8333E1CA0378F004CF6A9 /* Race.swift */,
				C8A8333F1CA0378F004CF6A9 /* Skill+CoreDataProperties.swift */,
				C8A833401CA0378F004CF6A9 /* Skill.swift */,
				C8A833411CA0378F004CF6A9 /* Trait+CoreDataProperties.swift */,
				C8A833421CA0378F004CF6A9 /* Trait.swift */,
			);
			path = Models;
			sourceTree = "<group>";
		};
		C8A833321CA0378F004CF6A9 /* Mapping */ = {
			isa = PBXGroup;
			children = (
				C8A833331CA0378F004CF6A9 /* AbilityScore+FEMMapping.swift */,
				C8A833341CA0378F004CF6A9 /* CoreRulebook+FEMMapping.swift */,
				C8A833351CA0378F004CF6A9 /* FEMMapped.swift */,
				C8A833361CA0378F004CF6A9 /* JSONDeserializer.swift */,
				C8A833371CA0378F004CF6A9 /* Modifier+FEMMapping.swift */,
				C8A833381CA0378F004CF6A9 /* Race+FEMMapping.swift */,
				C8A833391CA0378F004CF6A9 /* Skill+FEMMapping.swift */,
				C8A8333A1CA0378F004CF6A9 /* Trait+FEMMapping.swift */,
			);
			path = Mapping;
			sourceTree = "<group>";
		};
		C8A8336F1CA037C9004CF6A9 /* CharacterSheet */ = {
			isa = PBXGroup;
			children = (
				C8A833701CA037C9004CF6A9 /* AbilityScoreCollectionViewCellTests.swift */,
				C88886651CB042130029CDA3 /* CharacterSheetViewControllerTests.swift */,
			);
			path = CharacterSheet;
			sourceTree = "<group>";
		};
		C8A833711CA037C9004CF6A9 /* CreateCharacter */ = {
			isa = PBXGroup;
			children = (
				C8A833721CA037C9004CF6A9 /* CreateCharacterAbilityScoreViewControllerTests.swift */,
				C8A833731CA037C9004CF6A9 /* CreateCharacterNameViewControllerTests.swift */,
				C88886631CB03F290029CDA3 /* CreateCharacterRaceViewControllerTests.swift */,
			);
			path = CreateCharacter;
			sourceTree = "<group>";
		};
		C8A833741CA037C9004CF6A9 /* Menu */ = {
			isa = PBXGroup;
			children = (
				C8A833751CA037C9004CF6A9 /* CharacterListViewControllerTests.swift */,
				C8A833761CA037C9004CF6A9 /* FetchedResultsControllerDataSourceTests.swift */,
				C8A833771CA037C9004CF6A9 /* MenuViewControllerTests.swift */,
			);
			path = Menu;
			sourceTree = "<group>";
		};
		C8A833781CA037C9004CF6A9 /* Models */ = {
			isa = PBXGroup;
			children = (
				C8A833791CA037C9004CF6A9 /* Mapping */,
				372BE8B31DB32CBC004A2E03 /* RaceTests.swift */,
				372BE8B51DB32EEB004A2E03 /* CoreRulebookTests.swift */,
			);
			path = Models;
			sourceTree = "<group>";
		};
		C8A833791CA037C9004CF6A9 /* Mapping */ = {
			isa = PBXGroup;
			children = (
				C8A8337A1CA037C9004CF6A9 /* AbilityScoreFEMMappingTests.swift */,
				C8A8337B1CA037C9004CF6A9 /* CoreRulebookFEMMappingTests.swift */,
				C8A8337C1CA037C9004CF6A9 /* ModifierFEMMappingTests.swift */,
				C8A8337D1CA037C9004CF6A9 /* RacesFEMMappingTests.swift */,
				C8A8337E1CA037C9004CF6A9 /* SkillFEMMappingTests.swift */,
				C8A8337F1CA037C9004CF6A9 /* TraitFEMMappingTests.swift */,
			);
			path = Mapping;
			sourceTree = "<group>";
		};
		E79552E8FFC21BB2AC226C35 /* Pods */ = {
			isa = PBXGroup;
			children = (
				BBD1FB8FD6B5EA273A5AD428 /* Pods-DungeonsDragonsCC.debug.xcconfig */,
				40C1CEACAFC2F9F16AD2953E /* Pods-DungeonsDragonsCC.release.xcconfig */,
				FF7AD6965CCE4B2F951EC81C /* Pods-DungeonsDragonsCCTests.debug.xcconfig */,
				727FC792DE0A87232905926B /* Pods-DungeonsDragonsCCTests.release.xcconfig */,
			);
			name = Pods;
			sourceTree = "<group>";
		};
/* End PBXGroup section */

/* Begin PBXNativeTarget section */
		C8A832E91CA03726004CF6A9 /* DungeonsDragonsCC */ = {
			isa = PBXNativeTarget;
			buildConfigurationList = C8A833151CA03726004CF6A9 /* Build configuration list for PBXNativeTarget "DungeonsDragonsCC" */;
			buildPhases = (
				CD16658161943D6CD80E96FD /* [CP] Check Pods Manifest.lock */,
				C8A832E61CA03726004CF6A9 /* Sources */,
				C8A832E71CA03726004CF6A9 /* Frameworks */,
				C8A832E81CA03726004CF6A9 /* Resources */,
				328E013C9B5B10F8AFD164D7 /* [CP] Embed Pods Frameworks */,
				D5F774C39C846D986EE1B15A /* [CP] Copy Pods Resources */,
				375214121DB1AB18009E6A19 /* ShellScript */,
			);
			buildRules = (
			);
			dependencies = (
			);
			name = DungeonsDragonsCC;
			productName = DungeonsDragonsCC;
			productReference = C8A832EA1CA03726004CF6A9 /* DungeonsDragonsCC.app */;
			productType = "com.apple.product-type.application";
		};
		C8A833001CA03726004CF6A9 /* DungeonsDragonsCCTests */ = {
			isa = PBXNativeTarget;
			buildConfigurationList = C8A833181CA03726004CF6A9 /* Build configuration list for PBXNativeTarget "DungeonsDragonsCCTests" */;
			buildPhases = (
				23A0F6CA2F44B63BF594EA6C /* [CP] Check Pods Manifest.lock */,
				C8A832FD1CA03726004CF6A9 /* Sources */,
				C8A832FE1CA03726004CF6A9 /* Frameworks */,
				C8A832FF1CA03726004CF6A9 /* Resources */,
				071C04EBF5CD59BD4214C0C6 /* [CP] Embed Pods Frameworks */,
				70CF9A5396759EF5796766E3 /* [CP] Copy Pods Resources */,
			);
			buildRules = (
			);
			dependencies = (
				C8A833031CA03726004CF6A9 /* PBXTargetDependency */,
			);
			name = DungeonsDragonsCCTests;
			productName = DungeonsDragonsCCTests;
			productReference = C8A833011CA03726004CF6A9 /* DungeonsDragonsCCTests.xctest */;
			productType = "com.apple.product-type.bundle.unit-test";
		};
		C8A8330B1CA03726004CF6A9 /* DungeonsDragonsCCUITests */ = {
			isa = PBXNativeTarget;
			buildConfigurationList = C8A8331B1CA03726004CF6A9 /* Build configuration list for PBXNativeTarget "DungeonsDragonsCCUITests" */;
			buildPhases = (
				C8A833081CA03726004CF6A9 /* Sources */,
				C8A833091CA03726004CF6A9 /* Frameworks */,
				C8A8330A1CA03726004CF6A9 /* Resources */,
			);
			buildRules = (
			);
			dependencies = (
				C8A8330E1CA03726004CF6A9 /* PBXTargetDependency */,
			);
			name = DungeonsDragonsCCUITests;
			productName = DungeonsDragonsCCUITests;
			productReference = C8A8330C1CA03726004CF6A9 /* DungeonsDragonsCCUITests.xctest */;
			productType = "com.apple.product-type.bundle.ui-testing";
		};
/* End PBXNativeTarget section */

/* Begin PBXProject section */
		C8A832E21CA03726004CF6A9 /* Project object */ = {
			isa = PBXProject;
			attributes = {
				LastSwiftUpdateCheck = 0730;
				LastUpgradeCheck = 0800;
				ORGANIZATIONNAME = AmplifiedProjects;
				TargetAttributes = {
					C8A832E91CA03726004CF6A9 = {
						CreatedOnToolsVersion = 7.2.1;
						DevelopmentTeam = 37CAHGRH45;
						LastSwiftMigration = 0800;
					};
					C8A833001CA03726004CF6A9 = {
						CreatedOnToolsVersion = 7.2.1;
						LastSwiftMigration = 0800;
						TestTargetID = C8A832E91CA03726004CF6A9;
					};
					C8A8330B1CA03726004CF6A9 = {
						CreatedOnToolsVersion = 7.2.1;
						LastSwiftMigration = 0800;
						TestTargetID = C8A832E91CA03726004CF6A9;
					};
				};
			};
			buildConfigurationList = C8A832E51CA03726004CF6A9 /* Build configuration list for PBXProject "DungeonsDragonsCC" */;
			compatibilityVersion = "Xcode 3.2";
			developmentRegion = English;
			hasScannedForEncodings = 0;
			knownRegions = (
				en,
				Base,
			);
			mainGroup = C8A832E11CA03726004CF6A9;
			productRefGroup = C8A832EB1CA03726004CF6A9 /* Products */;
			projectDirPath = "";
			projectRoot = "";
			targets = (
				C8A832E91CA03726004CF6A9 /* DungeonsDragonsCC */,
				C8A833001CA03726004CF6A9 /* DungeonsDragonsCCTests */,
				C8A8330B1CA03726004CF6A9 /* DungeonsDragonsCCUITests */,
			);
		};
/* End PBXProject section */

/* Begin PBXResourcesBuildPhase section */
		C8A832E81CA03726004CF6A9 /* Resources */ = {
			isa = PBXResourcesBuildPhase;
			buildActionMask = 2147483647;
			files = (
				375CC76E1D7B0E61007232B5 /* CreateCharacter.storyboard in Resources */,
				C8A832FB1CA03726004CF6A9 /* LaunchScreen.storyboard in Resources */,
				C8A8336D1CA037B4004CF6A9 /* corerulebook.json in Resources */,
				C8A832F81CA03726004CF6A9 /* Assets.xcassets in Resources */,
				C8A832F31CA03726004CF6A9 /* Main.storyboard in Resources */,
			);
			runOnlyForDeploymentPostprocessing = 0;
		};
		C8A832FF1CA03726004CF6A9 /* Resources */ = {
			isa = PBXResourcesBuildPhase;
			buildActionMask = 2147483647;
			files = (
				C8A8338E1CA037C9004CF6A9 /* testcorerulebook.json in Resources */,
			);
			runOnlyForDeploymentPostprocessing = 0;
		};
		C8A8330A1CA03726004CF6A9 /* Resources */ = {
			isa = PBXResourcesBuildPhase;
			buildActionMask = 2147483647;
			files = (
			);
			runOnlyForDeploymentPostprocessing = 0;
		};
/* End PBXResourcesBuildPhase section */

/* Begin PBXShellScriptBuildPhase section */
		071C04EBF5CD59BD4214C0C6 /* [CP] Embed Pods Frameworks */ = {
			isa = PBXShellScriptBuildPhase;
			buildActionMask = 2147483647;
			files = (
			);
			inputPaths = (
			);
			name = "[CP] Embed Pods Frameworks";
			outputPaths = (
			);
			runOnlyForDeploymentPostprocessing = 0;
			shellPath = /bin/sh;
			shellScript = "\"${SRCROOT}/Pods/Target Support Files/Pods-DungeonsDragonsCCTests/Pods-DungeonsDragonsCCTests-frameworks.sh\"\n";
			showEnvVarsInLog = 0;
		};
		23A0F6CA2F44B63BF594EA6C /* [CP] Check Pods Manifest.lock */ = {
			isa = PBXShellScriptBuildPhase;
			buildActionMask = 2147483647;
			files = (
			);
			inputPaths = (
			);
			name = "[CP] Check Pods Manifest.lock";
			outputPaths = (
			);
			runOnlyForDeploymentPostprocessing = 0;
			shellPath = /bin/sh;
			shellScript = "diff \"${PODS_ROOT}/../Podfile.lock\" \"${PODS_ROOT}/Manifest.lock\" > /dev/null\nif [[ $? != 0 ]] ; then\n    cat << EOM\nerror: The sandbox is not in sync with the Podfile.lock. Run 'pod install' or update your CocoaPods installation.\nEOM\n    exit 1\nfi\n";
			showEnvVarsInLog = 0;
		};
		328E013C9B5B10F8AFD164D7 /* [CP] Embed Pods Frameworks */ = {
			isa = PBXShellScriptBuildPhase;
			buildActionMask = 2147483647;
			files = (
			);
			inputPaths = (
			);
			name = "[CP] Embed Pods Frameworks";
			outputPaths = (
			);
			runOnlyForDeploymentPostprocessing = 0;
			shellPath = /bin/sh;
			shellScript = "\"${SRCROOT}/Pods/Target Support Files/Pods-DungeonsDragonsCC/Pods-DungeonsDragonsCC-frameworks.sh\"\n";
			showEnvVarsInLog = 0;
		};
		375214121DB1AB18009E6A19 /* ShellScript */ = {
			isa = PBXShellScriptBuildPhase;
			buildActionMask = 2147483647;
			files = (
			);
			inputPaths = (
			);
			outputPaths = (
			);
			runOnlyForDeploymentPostprocessing = 0;
			shellPath = /bin/sh;
			shellScript = "if which swiftlint >/dev/null; then\nswiftlint\nelse\necho \"warning: SwiftLint not installed, download from https://github.com/realm/SwiftLint\"\nfi";
		};
		70CF9A5396759EF5796766E3 /* [CP] Copy Pods Resources */ = {
			isa = PBXShellScriptBuildPhase;
			buildActionMask = 2147483647;
			files = (
			);
			inputPaths = (
			);
			name = "[CP] Copy Pods Resources";
			outputPaths = (
			);
			runOnlyForDeploymentPostprocessing = 0;
			shellPath = /bin/sh;
			shellScript = "\"${SRCROOT}/Pods/Target Support Files/Pods-DungeonsDragonsCCTests/Pods-DungeonsDragonsCCTests-resources.sh\"\n";
			showEnvVarsInLog = 0;
		};
		CD16658161943D6CD80E96FD /* [CP] Check Pods Manifest.lock */ = {
			isa = PBXShellScriptBuildPhase;
			buildActionMask = 2147483647;
			files = (
			);
			inputPaths = (
			);
			name = "[CP] Check Pods Manifest.lock";
			outputPaths = (
			);
			runOnlyForDeploymentPostprocessing = 0;
			shellPath = /bin/sh;
			shellScript = "diff \"${PODS_ROOT}/../Podfile.lock\" \"${PODS_ROOT}/Manifest.lock\" > /dev/null\nif [[ $? != 0 ]] ; then\n    cat << EOM\nerror: The sandbox is not in sync with the Podfile.lock. Run 'pod install' or update your CocoaPods installation.\nEOM\n    exit 1\nfi\n";
			showEnvVarsInLog = 0;
		};
		D5F774C39C846D986EE1B15A /* [CP] Copy Pods Resources */ = {
			isa = PBXShellScriptBuildPhase;
			buildActionMask = 2147483647;
			files = (
			);
			inputPaths = (
			);
			name = "[CP] Copy Pods Resources";
			outputPaths = (
			);
			runOnlyForDeploymentPostprocessing = 0;
			shellPath = /bin/sh;
			shellScript = "\"${SRCROOT}/Pods/Target Support Files/Pods-DungeonsDragonsCC/Pods-DungeonsDragonsCC-resources.sh\"\n";
			showEnvVarsInLog = 0;
		};
/* End PBXShellScriptBuildPhase section */

/* Begin PBXSourcesBuildPhase section */
		C8A832E61CA03726004CF6A9 /* Sources */ = {
			isa = PBXSourcesBuildPhase;
			buildActionMask = 2147483647;
			files = (
				C8A8335B1CA0378F004CF6A9 /* Trait+FEMMapping.swift in Sources */,
				C8A8336A1CA037B4004CF6A9 /* Constants.swift in Sources */,
				C8A8336B1CA037B4004CF6A9 /* CoreRulebook.xcdatamodeld in Sources */,
				C8A833601CA0378F004CF6A9 /* Skill+CoreDataProperties.swift in Sources */,
				C8A833581CA0378F004CF6A9 /* Modifier+FEMMapping.swift in Sources */,
				C8A833451CA0378F004CF6A9 /* AbilityScoreCollectionViewCell.swift in Sources */,
				C8A8335C1CA0378F004CF6A9 /* Modifier+CoreDataProperties.swift in Sources */,
				C8A833611CA0378F004CF6A9 /* Skill.swift in Sources */,
				C8A8335F1CA0378F004CF6A9 /* Race.swift in Sources */,
				C8A8335E1CA0378F004CF6A9 /* Race+CoreDataProperties.swift in Sources */,
				C8A833521CA0378F004CF6A9 /* CoreRulebook+CoreDataProperties.swift in Sources */,
				C8A833621CA0378F004CF6A9 /* Trait+CoreDataProperties.swift in Sources */,
				C8A833471CA0378F004CF6A9 /* ScoreLabel.swift in Sources */,
				C8A833551CA0378F004CF6A9 /* CoreRulebook+FEMMapping.swift in Sources */,
				C8A8334B1CA0378F004CF6A9 /* CharacterListViewController.swift in Sources */,
				C8A833481CA0378F004CF6A9 /* CoreRulebookCoordinator.swift in Sources */,
				C8A833461CA0378F004CF6A9 /* CharacterSheetViewController.swift in Sources */,
				C8A833491CA0378F004CF6A9 /* CreateCharacterAbilityScoreViewController.swift in Sources */,
				C8A833571CA0378F004CF6A9 /* JSONDeserializer.swift in Sources */,
				C8A8334A1CA0378F004CF6A9 /* CreateCharacterNameViewController.swift in Sources */,
				C8A833511CA0378F004CF6A9 /* Character.swift in Sources */,
				C8A8334F1CA0378F004CF6A9 /* AbilityScore.swift in Sources */,
				C8A8334D1CA0378F004CF6A9 /* MenuViewController.swift in Sources */,
				C8A833531CA0378F004CF6A9 /* CoreRulebook.swift in Sources */,
				C8A833561CA0378F004CF6A9 /* FEMMapped.swift in Sources */,
				C8A833541CA0378F004CF6A9 /* AbilityScore+FEMMapping.swift in Sources */,
				C8A8334C1CA0378F004CF6A9 /* FetchedResultsControllerDataSource.swift in Sources */,
				375214151DB1AD7D009E6A19 /* UICollectionView+DDCC.swift in Sources */,
				C8A8335D1CA0378F004CF6A9 /* Modifier.swift in Sources */,
				C8A833591CA0378F004CF6A9 /* Race+FEMMapping.swift in Sources */,
				C89520E51CB01A4000210751 /* CreateCharacterRaceViewController.swift in Sources */,
				C8A8335A1CA0378F004CF6A9 /* Skill+FEMMapping.swift in Sources */,
				C8A833631CA0378F004CF6A9 /* Trait.swift in Sources */,
				C8A8334E1CA0378F004CF6A9 /* AbilityScore+CoreDataProperties.swift in Sources */,
				C8A832EE1CA03726004CF6A9 /* AppDelegate.swift in Sources */,
				C8A833501CA0378F004CF6A9 /* Character+CoreDataProperties.swift in Sources */,
			);
			runOnlyForDeploymentPostprocessing = 0;
		};
		C8A832FD1CA03726004CF6A9 /* Sources */ = {
			isa = PBXSourcesBuildPhase;
			buildActionMask = 2147483647;
			files = (
				C88886621CB02F120029CDA3 /* CoreRulebookCoordinatorTests.swift in Sources */,
				C8A8338D1CA037C9004CF6A9 /* TraitFEMMappingTests.swift in Sources */,
				C8A833831CA037C9004CF6A9 /* CreateCharacterAbilityScoreViewControllerTests.swift in Sources */,
				C8A833861CA037C9004CF6A9 /* FetchedResultsControllerDataSourceTests.swift in Sources */,
				C8A833811CA037C9004CF6A9 /* CharacterHelper.swift in Sources */,
				C8A833881CA037C9004CF6A9 /* AbilityScoreFEMMappingTests.swift in Sources */,
				372BE8B41DB32CBC004A2E03 /* RaceTests.swift in Sources */,
				C8A8338A1CA037C9004CF6A9 /* ModifierFEMMappingTests.swift in Sources */,
				C8A8338B1CA037C9004CF6A9 /* RacesFEMMappingTests.swift in Sources */,
				C8A833891CA037C9004CF6A9 /* CoreRulebookFEMMappingTests.swift in Sources */,
				C8A833821CA037C9004CF6A9 /* AbilityScoreCollectionViewCellTests.swift in Sources */,
				C88886661CB042130029CDA3 /* CharacterSheetViewControllerTests.swift in Sources */,
				C8A833851CA037C9004CF6A9 /* CharacterListViewControllerTests.swift in Sources */,
				C8A833841CA037C9004CF6A9 /* CreateCharacterNameViewControllerTests.swift in Sources */,
				C88886641CB03F290029CDA3 /* CreateCharacterRaceViewControllerTests.swift in Sources */,
				372BE8B61DB32EEB004A2E03 /* CoreRulebookTests.swift in Sources */,
				C8A833871CA037C9004CF6A9 /* MenuViewControllerTests.swift in Sources */,
				C8A8338C1CA037C9004CF6A9 /* SkillFEMMappingTests.swift in Sources */,
			);
			runOnlyForDeploymentPostprocessing = 0;
		};
		C8A833081CA03726004CF6A9 /* Sources */ = {
			isa = PBXSourcesBuildPhase;
			buildActionMask = 2147483647;
			files = (
				372A5BF51CAF6B2200CE4BD9 /* DungeonsDragonsCCUITests.swift in Sources */,
			);
			runOnlyForDeploymentPostprocessing = 0;
		};
/* End PBXSourcesBuildPhase section */

/* Begin PBXTargetDependency section */
		C8A833031CA03726004CF6A9 /* PBXTargetDependency */ = {
			isa = PBXTargetDependency;
			target = C8A832E91CA03726004CF6A9 /* DungeonsDragonsCC */;
			targetProxy = C8A833021CA03726004CF6A9 /* PBXContainerItemProxy */;
		};
		C8A8330E1CA03726004CF6A9 /* PBXTargetDependency */ = {
			isa = PBXTargetDependency;
			target = C8A832E91CA03726004CF6A9 /* DungeonsDragonsCC */;
			targetProxy = C8A8330D1CA03726004CF6A9 /* PBXContainerItemProxy */;
		};
/* End PBXTargetDependency section */

/* Begin PBXVariantGroup section */
		C8A832F11CA03726004CF6A9 /* Main.storyboard */ = {
			isa = PBXVariantGroup;
			children = (
				C8A832F21CA03726004CF6A9 /* Base */,
			);
			name = Main.storyboard;
			sourceTree = "<group>";
		};
		C8A832F91CA03726004CF6A9 /* LaunchScreen.storyboard */ = {
			isa = PBXVariantGroup;
			children = (
				C8A832FA1CA03726004CF6A9 /* Base */,
			);
			name = LaunchScreen.storyboard;
			sourceTree = "<group>";
		};
/* End PBXVariantGroup section */

/* Begin XCBuildConfiguration section */
		C8A833131CA03726004CF6A9 /* Debug */ = {
			isa = XCBuildConfiguration;
			buildSettings = {
				ALWAYS_SEARCH_USER_PATHS = NO;
				CLANG_CXX_LANGUAGE_STANDARD = "gnu++0x";
				CLANG_CXX_LIBRARY = "libc++";
				CLANG_ENABLE_MODULES = YES;
				CLANG_ENABLE_OBJC_ARC = YES;
				CLANG_WARN_BOOL_CONVERSION = YES;
				CLANG_WARN_CONSTANT_CONVERSION = YES;
				CLANG_WARN_DIRECT_OBJC_ISA_USAGE = YES_ERROR;
				CLANG_WARN_EMPTY_BODY = YES;
				CLANG_WARN_ENUM_CONVERSION = YES;
				CLANG_WARN_INFINITE_RECURSION = YES;
				CLANG_WARN_INT_CONVERSION = YES;
				CLANG_WARN_OBJC_ROOT_CLASS = YES_ERROR;
				CLANG_WARN_SUSPICIOUS_MOVE = YES;
				CLANG_WARN_UNREACHABLE_CODE = YES;
				CLANG_WARN__DUPLICATE_METHOD_MATCH = YES;
				"CODE_SIGN_IDENTITY[sdk=iphoneos*]" = "iPhone Developer";
				COPY_PHASE_STRIP = NO;
				DEBUG_INFORMATION_FORMAT = dwarf;
				ENABLE_STRICT_OBJC_MSGSEND = YES;
				ENABLE_TESTABILITY = YES;
				GCC_C_LANGUAGE_STANDARD = gnu99;
				GCC_DYNAMIC_NO_PIC = NO;
				GCC_NO_COMMON_BLOCKS = YES;
				GCC_OPTIMIZATION_LEVEL = 0;
				GCC_PREPROCESSOR_DEFINITIONS = (
					"DEBUG=1",
					"$(inherited)",
				);
				GCC_WARN_64_TO_32_BIT_CONVERSION = YES;
				GCC_WARN_ABOUT_RETURN_TYPE = YES_ERROR;
				GCC_WARN_UNDECLARED_SELECTOR = YES;
				GCC_WARN_UNINITIALIZED_AUTOS = YES_AGGRESSIVE;
				GCC_WARN_UNUSED_FUNCTION = YES;
				GCC_WARN_UNUSED_VARIABLE = YES;
				IPHONEOS_DEPLOYMENT_TARGET = 10.0;
				MTL_ENABLE_DEBUG_INFO = YES;
				ONLY_ACTIVE_ARCH = YES;
				SDKROOT = iphoneos;
				SWIFT_OPTIMIZATION_LEVEL = "-Onone";
				SWIFT_VERSION = 3.0;
				TARGETED_DEVICE_FAMILY = "1,2";
			};
			name = Debug;
		};
		C8A833141CA03726004CF6A9 /* Release */ = {
			isa = XCBuildConfiguration;
			buildSettings = {
				ALWAYS_SEARCH_USER_PATHS = NO;
				CLANG_CXX_LANGUAGE_STANDARD = "gnu++0x";
				CLANG_CXX_LIBRARY = "libc++";
				CLANG_ENABLE_MODULES = YES;
				CLANG_ENABLE_OBJC_ARC = YES;
				CLANG_WARN_BOOL_CONVERSION = YES;
				CLANG_WARN_CONSTANT_CONVERSION = YES;
				CLANG_WARN_DIRECT_OBJC_ISA_USAGE = YES_ERROR;
				CLANG_WARN_EMPTY_BODY = YES;
				CLANG_WARN_ENUM_CONVERSION = YES;
				CLANG_WARN_INFINITE_RECURSION = YES;
				CLANG_WARN_INT_CONVERSION = YES;
				CLANG_WARN_OBJC_ROOT_CLASS = YES_ERROR;
				CLANG_WARN_SUSPICIOUS_MOVE = YES;
				CLANG_WARN_UNREACHABLE_CODE = YES;
				CLANG_WARN__DUPLICATE_METHOD_MATCH = YES;
				"CODE_SIGN_IDENTITY[sdk=iphoneos*]" = "iPhone Developer";
				COPY_PHASE_STRIP = NO;
				DEBUG_INFORMATION_FORMAT = "dwarf-with-dsym";
				ENABLE_NS_ASSERTIONS = NO;
				ENABLE_STRICT_OBJC_MSGSEND = YES;
				GCC_C_LANGUAGE_STANDARD = gnu99;
				GCC_NO_COMMON_BLOCKS = YES;
				GCC_WARN_64_TO_32_BIT_CONVERSION = YES;
				GCC_WARN_ABOUT_RETURN_TYPE = YES_ERROR;
				GCC_WARN_UNDECLARED_SELECTOR = YES;
				GCC_WARN_UNINITIALIZED_AUTOS = YES_AGGRESSIVE;
				GCC_WARN_UNUSED_FUNCTION = YES;
				GCC_WARN_UNUSED_VARIABLE = YES;
				IPHONEOS_DEPLOYMENT_TARGET = 10.0;
				MTL_ENABLE_DEBUG_INFO = NO;
				SDKROOT = iphoneos;
				SWIFT_OPTIMIZATION_LEVEL = "-Owholemodule";
				SWIFT_VERSION = 3.0;
				TARGETED_DEVICE_FAMILY = "1,2";
				VALIDATE_PRODUCT = YES;
			};
			name = Release;
		};
		C8A833161CA03726004CF6A9 /* Debug */ = {
			isa = XCBuildConfiguration;
			baseConfigurationReference = BBD1FB8FD6B5EA273A5AD428 /* Pods-DungeonsDragonsCC.debug.xcconfig */;
			buildSettings = {
				ASSETCATALOG_COMPILER_APPICON_NAME = AppIcon;
				DEVELOPMENT_TEAM = 37CAHGRH45;
				INFOPLIST_FILE = DungeonsDragonsCC/Info.plist;
				LD_RUNPATH_SEARCH_PATHS = "$(inherited) @executable_path/Frameworks";
				PRODUCT_BUNDLE_IDENTIFIER = com.amplifiedprojects.DungeonsDragonsCC;
				PRODUCT_NAME = "$(TARGET_NAME)";
				SWIFT_VERSION = 3.0;
			};
			name = Debug;
		};
		C8A833171CA03726004CF6A9 /* Release */ = {
			isa = XCBuildConfiguration;
			baseConfigurationReference = 40C1CEACAFC2F9F16AD2953E /* Pods-DungeonsDragonsCC.release.xcconfig */;
			buildSettings = {
				ASSETCATALOG_COMPILER_APPICON_NAME = AppIcon;
				DEVELOPMENT_TEAM = 37CAHGRH45;
				INFOPLIST_FILE = DungeonsDragonsCC/Info.plist;
				LD_RUNPATH_SEARCH_PATHS = "$(inherited) @executable_path/Frameworks";
				PRODUCT_BUNDLE_IDENTIFIER = com.amplifiedprojects.DungeonsDragonsCC;
				PRODUCT_NAME = "$(TARGET_NAME)";
				SWIFT_VERSION = 3.0;
			};
			name = Release;
		};
		C8A833191CA03726004CF6A9 /* Debug */ = {
			isa = XCBuildConfiguration;
			baseConfigurationReference = FF7AD6965CCE4B2F951EC81C /* Pods-DungeonsDragonsCCTests.debug.xcconfig */;
			buildSettings = {
				BUNDLE_LOADER = "$(TEST_HOST)";
				INFOPLIST_FILE = DungeonsDragonsCCTests/Info.plist;
				LD_RUNPATH_SEARCH_PATHS = "$(inherited) @executable_path/Frameworks @loader_path/Frameworks";
				PRODUCT_BUNDLE_IDENTIFIER = com.amplifiedprojects.DungeonsDragonsCCTests;
				PRODUCT_NAME = "$(TARGET_NAME)";
				SWIFT_VERSION = 3.0;
				TEST_HOST = "$(BUILT_PRODUCTS_DIR)/DungeonsDragonsCC.app/DungeonsDragonsCC";
			};
			name = Debug;
		};
		C8A8331A1CA03726004CF6A9 /* Release */ = {
			isa = XCBuildConfiguration;
			baseConfigurationReference = 727FC792DE0A87232905926B /* Pods-DungeonsDragonsCCTests.release.xcconfig */;
			buildSettings = {
				BUNDLE_LOADER = "$(TEST_HOST)";
				INFOPLIST_FILE = DungeonsDragonsCCTests/Info.plist;
				LD_RUNPATH_SEARCH_PATHS = "$(inherited) @executable_path/Frameworks @loader_path/Frameworks";
				PRODUCT_BUNDLE_IDENTIFIER = com.amplifiedprojects.DungeonsDragonsCCTests;
				PRODUCT_NAME = "$(TARGET_NAME)";
				SWIFT_VERSION = 3.0;
				TEST_HOST = "$(BUILT_PRODUCTS_DIR)/DungeonsDragonsCC.app/DungeonsDragonsCC";
			};
			name = Release;
		};
		C8A8331C1CA03726004CF6A9 /* Debug */ = {
			isa = XCBuildConfiguration;
			buildSettings = {
				CLANG_ENABLE_MODULES = YES;
				INFOPLIST_FILE = DungeonsDragonsCCUITests/Info.plist;
				LD_RUNPATH_SEARCH_PATHS = "$(inherited) @executable_path/Frameworks @loader_path/Frameworks";
				PRODUCT_BUNDLE_IDENTIFIER = com.amplifiedprojects.DungeonsDragonsCCUITests;
				PRODUCT_NAME = "$(TARGET_NAME)";
				SWIFT_OPTIMIZATION_LEVEL = "-Onone";
				SWIFT_VERSION = 3.0;
				TEST_TARGET_NAME = DungeonsDragonsCC;
				USES_XCTRUNNER = YES;
			};
			name = Debug;
		};
		C8A8331D1CA03726004CF6A9 /* Release */ = {
			isa = XCBuildConfiguration;
			buildSettings = {
				CLANG_ENABLE_MODULES = YES;
				INFOPLIST_FILE = DungeonsDragonsCCUITests/Info.plist;
				LD_RUNPATH_SEARCH_PATHS = "$(inherited) @executable_path/Frameworks @loader_path/Frameworks";
				PRODUCT_BUNDLE_IDENTIFIER = com.amplifiedprojects.DungeonsDragonsCCUITests;
				PRODUCT_NAME = "$(TARGET_NAME)";
				SWIFT_VERSION = 3.0;
				TEST_TARGET_NAME = DungeonsDragonsCC;
				USES_XCTRUNNER = YES;
			};
			name = Release;
		};
/* End XCBuildConfiguration section */

/* Begin XCConfigurationList section */
		C8A832E51CA03726004CF6A9 /* Build configuration list for PBXProject "DungeonsDragonsCC" */ = {
			isa = XCConfigurationList;
			buildConfigurations = (
				C8A833131CA03726004CF6A9 /* Debug */,
				C8A833141CA03726004CF6A9 /* Release */,
			);
			defaultConfigurationIsVisible = 0;
			defaultConfigurationName = Debug;
		};
		C8A833151CA03726004CF6A9 /* Build configuration list for PBXNativeTarget "DungeonsDragonsCC" */ = {
			isa = XCConfigurationList;
			buildConfigurations = (
				C8A833161CA03726004CF6A9 /* Debug */,
				C8A833171CA03726004CF6A9 /* Release */,
			);
			defaultConfigurationIsVisible = 0;
			defaultConfigurationName = Debug;
		};
		C8A833181CA03726004CF6A9 /* Build configuration list for PBXNativeTarget "DungeonsDragonsCCTests" */ = {
			isa = XCConfigurationList;
			buildConfigurations = (
				C8A833191CA03726004CF6A9 /* Debug */,
				C8A8331A1CA03726004CF6A9 /* Release */,
			);
			defaultConfigurationIsVisible = 0;
			defaultConfigurationName = Debug;
		};
		C8A8331B1CA03726004CF6A9 /* Build configuration list for PBXNativeTarget "DungeonsDragonsCCUITests" */ = {
			isa = XCConfigurationList;
			buildConfigurations = (
				C8A8331C1CA03726004CF6A9 /* Debug */,
				C8A8331D1CA03726004CF6A9 /* Release */,
			);
			defaultConfigurationIsVisible = 0;
			defaultConfigurationName = Debug;
		};
/* End XCConfigurationList section */

/* Begin XCVersionGroup section */
		C8A833651CA037B4004CF6A9 /* CoreRulebook.xcdatamodeld */ = {
			isa = XCVersionGroup;
			children = (
				C8A833661CA037B4004CF6A9 /* CoreRulebook.xcdatamodel */,
			);
			currentVersion = C8A833661CA037B4004CF6A9 /* CoreRulebook.xcdatamodel */;
			path = CoreRulebook.xcdatamodeld;
			sourceTree = "<group>";
			versionGroupType = wrapper.xcdatamodel;
		};
/* End XCVersionGroup section */
	};
	rootObject = C8A832E21CA03726004CF6A9 /* Project object */;
}
